
Microsoft Visual Studio Solution File, Format Version 12.00
# Visual Studio Version 16
VisualStudioVersion = 16.0.28803.202
MinimumVisualStudioVersion = 10.0.40219.1
Project("{9A19103F-16F7-4668-BE54-9A1E7A4F7556}") = "MaterialDesignForRazor.Demo", "MaterialDesignForRazor.Demo\MaterialDesignForRazor.Demo.csproj", "{CBE9BE4E-38DC-4C18-B5A4-2C3AF1254B0F}"
EndProject
Project("{FAE04EC0-301F-11D3-BF4B-00C04F79EFBC}") = "MaterialDesignForRazor.TagHelpers", "MaterialDesignForRazor.TagHelpers\MaterialDesignForRazor.TagHelpers.csproj", "{27A0102C-9A07-45F9-87F1-114327BDC940}"
EndProject
Global
	GlobalSection(SolutionConfigurationPlatforms) = preSolution
		Debug|Any CPU = Debug|Any CPU
		Release|Any CPU = Release|Any CPU
	EndGlobalSection
	GlobalSection(ProjectConfigurationPlatforms) = postSolution
		{CBE9BE4E-38DC-4C18-B5A4-2C3AF1254B0F}.Debug|Any CPU.ActiveCfg = Debug|Any CPU
		{CBE9BE4E-38DC-4C18-B5A4-2C3AF1254B0F}.Debug|Any CPU.Build.0 = Debug|Any CPU
		{CBE9BE4E-38DC-4C18-B5A4-2C3AF1254B0F}.Release|Any CPU.ActiveCfg = Release|Any CPU
		{CBE9BE4E-38DC-4C18-B5A4-2C3AF1254B0F}.Release|Any CPU.Build.0 = Release|Any CPU
		{27A0102C-9A07-45F9-87F1-114327BDC940}.Debug|Any CPU.ActiveCfg = Debug|Any CPU
		{27A0102C-9A07-45F9-87F1-114327BDC940}.Debug|Any CPU.Build.0 = Debug|Any CPU
		{27A0102C-9A07-45F9-87F1-114327BDC940}.Release|Any CPU.ActiveCfg = Release|Any CPU
		{27A0102C-9A07-45F9-87F1-114327BDC940}.Release|Any CPU.Build.0 = Release|Any CPU
	EndGlobalSection
	GlobalSection(SolutionProperties) = preSolution
		HideSolutionNode = FALSE
	EndGlobalSection
	GlobalSection(ExtensibilityGlobals) = postSolution
		SolutionGuid = {2C6FAF27-0741-4A92-94E7-F1FD12C0FB87}
	EndGlobalSection
EndGlobal
